# THIS IS AN AUTOGENERATED FILE. DO NOT EDIT THIS FILE DIRECTLY.
# yarn lockfile v1


generate-function@^2.0.0:
  version "2.3.1"
  resolved "https://registry.npm.taobao.org/generate-function/download/generate-function-2.3.1.tgz#f069617690c10c868e73b8465746764f97c3479f"
  integrity sha1-8GlhdpDBDIaOc7hGV0Z2T5fDR58=
  dependencies:
    is-property "^1.0.2"

generate-object-property@^1.2.0:
  version "1.2.0"
  resolved "https://registry.npm.taobao.org/generate-object-property/download/generate-object-property-1.2.0.tgz#9c0e1c40308ce804f4783618b937fa88f99d50d0"
  integrity sha1-nA4cQDCM6AT0eDYYuTf6iPmdUNA=
  dependencies:
    is-property "^1.0.0"

graphql@^15.5.0:
  version "15.5.0"
  resolved "https://registry.npm.taobao.org/graphql/download/graphql-15.5.0.tgz#39d19494dbe69d1ea719915b578bf920344a69d5"
  integrity sha1-OdGUlNvmnR6nGZFbV4v5IDRKadU=

is-property@^1.0.0, is-property@^1.0.2:
  version "1.0.2"
  resolved "https://registry.npm.taobao.org/is-property/download/is-property-1.0.2.tgz#57fe1c4e48474edd65b09911f26b1cd4095dda84"
  integrity sha1-V/4cTkhHTt1lsJkR8msc1Ald2oQ=

protocol-buffers-encodings@^1.1.0:
  version "1.1.1"
  resolved "https://registry.npm.taobao.org/protocol-buffers-encodings/download/protocol-buffers-encodings-1.1.1.tgz#f1e4a386711823137330171d2c82b49d062e75d3"
  integrity sha1-8eSjhnEYIxNzMBcdLIK0nQYuddM=
  dependencies:
    signed-varint "^2.0.1"
    varint "5.0.0"

protocol-buffers-schema@^3.1.1:
  version "3.5.1"
  resolved "https://registry.npm.taobao.org/protocol-buffers-schema/download/protocol-buffers-schema-3.5.1.tgz#8388e768d383ac8cbea23e1280dfadb79f4122ad"
  integrity sha1-g4jnaNODrIy+oj4SgN+tt59BIq0=

protocol-buffers@^4.2.0:
  version "4.2.0"
  resolved "https://registry.npm.taobao.org/protocol-buffers/download/protocol-buffers-4.2.0.tgz#e25c64c36bf9b0c77b5546f147344d900c495001"
  integrity sha1-4lxkw2v5sMd7VUbxRzRNkAxJUAE=
  dependencies:
    generate-function "^2.0.0"
    generate-object-property "^1.2.0"
    protocol-buffers-encodings "^1.1.0"
    protocol-buffers-schema "^3.1.1"
    signed-varint "^2.0.0"
    varint "^5.0.0"

signed-varint@^2.0.0, signed-varint@^2.0.1:
  version "2.0.1"
  resolved "https://registry.npm.taobao.org/signed-varint/download/signed-varint-2.0.1.tgz#50a9989da7c98c2c61dad119bc97470ef8528129"
  integrity sha1-UKmYnafJjCxh2tEZvJdHDvhSgSk=
  dependencies:
    varint "~5.0.0"

varint@5.0.0:
  version "5.0.0"
  resolved "https://registry.npm.taobao.org/varint/download/varint-5.0.0.tgz#d826b89f7490732fabc0c0ed693ed475dcb29ebf"
  integrity sha1-2Ca4n3SQcy+rwMDtaT7Uddyynr8=

varint@^5.0.0, varint@~5.0.0:
  version "5.0.2"
  resolved "https://registry.npm.taobao.org/varint/download/varint-5.0.2.tgz#5b47f8a947eb668b848e034dcfa87d0ff8a7f7a4"
  integrity sha1-W0f4qUfrZouEjgNNz6h9D/in96Q=
